
Microsoft Visual Studio Solution File, Format Version 12.00
# Visual Studio 15
Project("{FAE04EC0-301F-11D3-BF4B-00C04F79EFBC}") = "ClassroomGame", "Assembly-CSharp.csproj", "{C3AC5731-BCC4-9D13-6E22-E1AEAD2D7910}"
EndProject
Project("{FAE04EC0-301F-11D3-BF4B-00C04F79EFBC}") = "ClassroomGame", "Assembly-CSharp-Editor.csproj", "{B3930C4A-4E33-0EEB-D2E7-AA7CC45C09B6}"
EndProject
Global
	GlobalSection(SolutionConfigurationPlatforms) = preSolution
		Debug|Any CPU = Debug|Any CPU
		Release|Any CPU = Release|Any CPU
	EndGlobalSection
	GlobalSection(ProjectConfigurationPlatforms) = postSolution
		{C3AC5731-BCC4-9D13-6E22-E1AEAD2D7910}.Debug|Any CPU.ActiveCfg = Debug|Any CPU
		{C3AC5731-BCC4-9D13-6E22-E1AEAD2D7910}.Debug|Any CPU.Build.0 = Debug|Any CPU
		{C3AC5731-BCC4-9D13-6E22-E1AEAD2D7910}.Release|Any CPU.ActiveCfg = Release|Any CPU
		{C3AC5731-BCC4-9D13-6E22-E1AEAD2D7910}.Release|Any CPU.Build.0 = Release|Any CPU
		{B3930C4A-4E33-0EEB-D2E7-AA7CC45C09B6}.Debug|Any CPU.ActiveCfg = Debug|Any CPU
		{B3930C4A-4E33-0EEB-D2E7-AA7CC45C09B6}.Debug|Any CPU.Build.0 = Debug|Any CPU
		{B3930C4A-4E33-0EEB-D2E7-AA7CC45C09B6}.Release|Any CPU.ActiveCfg = Release|Any CPU
		{B3930C4A-4E33-0EEB-D2E7-AA7CC45C09B6}.Release|Any CPU.Build.0 = Release|Any CPU
	EndGlobalSection
	GlobalSection(SolutionProperties) = preSolution
		HideSolutionNode = FALSE
	EndGlobalSection
EndGlobal
